Microsoft Visual Studio Solution File, Format Version 12.00
# Visual Studio Version 17
VisualStudioVersion = 17.5.2.0
MinimumVisualStudioVersion = 10.0.40219.1
Project("{FAE04EC0-301F-11D3-BF4B-00C04F79EFBC}") = "KattKompass.Api", "KattKompass.Api.csproj", "{292ADAF5-BD48-6C9C-4616-6F2A14810578}"
EndProject
Global
	GlobalSection(SolutionConfigurationPlatforms) = preSolution
		Debug|Any CPU = Debug|Any CPU
		Release|Any CPU = Release|Any CPU
	EndGlobalSection
	GlobalSection(ProjectConfigurationPlatforms) = postSolution
		{292ADAF5-BD48-6C9C-4616-6F2A14810578}.Debug|Any CPU.ActiveCfg = Debug|Any CPU
		{292ADAF5-BD48-6C9C-4616-6F2A14810578}.Debug|Any CPU.Build.0 = Debug|Any CPU
		{292ADAF5-BD48-6C9C-4616-6F2A14810578}.Release|Any CPU.ActiveCfg = Release|Any CPU
		{292ADAF5-BD48-6C9C-4616-6F2A14810578}.Release|Any CPU.Build.0 = Release|Any CPU
	EndGlobalSection
	GlobalSection(SolutionProperties) = preSolution
		HideSolutionNode = FALSE
	EndGlobalSection
	GlobalSection(ExtensibilityGlobals) = postSolution
		SolutionGuid = {50B49FA1-8209-4EC1-B1DD-2EBBEB5C36C8}
	EndGlobalSection
EndGlobal
